
Microsoft Visual Studio Solution File, Format Version 12.00
# Visual Studio Version 16
VisualStudioVersion = 16.0.29613.14
MinimumVisualStudioVersion = 10.0.40219.1
Project("{FAE04EC0-301F-11D3-BF4B-00C04F79EFBC}") = "MiddlewareDemo", "MiddlewareDemo.csproj", "{7C01A3EC-504F-477A-81F9-1593A6FB968F}"
EndProject
Global
	GlobalSection(SolutionConfigurationPlatforms) = preSolution
		Debug|Any CPU = Debug|Any CPU
		Release|Any CPU = Release|Any CPU
	EndGlobalSection
	GlobalSection(ProjectConfigurationPlatforms) = postSolution
		{7C01A3EC-504F-477A-81F9-1593A6FB968F}.Debug|Any CPU.ActiveCfg = Debug|Any CPU
		{7C01A3EC-504F-477A-81F9-1593A6FB968F}.Debug|Any CPU.Build.0 = Debug|Any CPU
		{7C01A3EC-504F-477A-81F9-1593A6FB968F}.Release|Any CPU.ActiveCfg = Release|Any CPU
		{7C01A3EC-504F-477A-81F9-1593A6FB968F}.Release|Any CPU.Build.0 = Release|Any CPU
	EndGlobalSection
	GlobalSection(SolutionProperties) = preSolution
		HideSolutionNode = FALSE
	EndGlobalSection
	GlobalSection(ExtensibilityGlobals) = postSolution
		SolutionGuid = {10ADB19B-DE6C-4194-8096-9A83C2E76B83}
	EndGlobalSection
EndGlobal
